
Microsoft Visual Studio Solution File, Format Version 12.00
# Visual Studio 14
VisualStudioVersion = 14.0.25123.0
MinimumVisualStudioVersion = 10.0.40219.1
Project("{8BC9CEB8-8B4A-11D0-8D11-00A0C91BC942}") = "Event", "Event\Event.vcxproj", "{914941F8-3E0E-4419-AC63-CCBD099D0411}"
EndProject
Project("{8BC9CEB8-8B4A-11D0-8D11-00A0C91BC942}") = "Client", "Client\Client.vcxproj", "{449B9D1B-DF69-4AD9-8EC6-0D4034F52179}"
EndProject
Project("{8BC9CEB8-8B4A-11D0-8D11-00A0C91BC942}") = "Server", "Server\Server.vcxproj", "{C18E97CA-26BE-4F1E-AD35-8E9C05F9069C}"
EndProject
Project("{8BC9CEB8-8B4A-11D0-8D11-00A0C91BC942}") = "Map", "Map\Map.vcxproj", "{4B635CF6-4EED-4706-8290-9D821EEA1830}"
EndProject
Project("{8BC9CEB8-8B4A-11D0-8D11-00A0C91BC942}") = "WM_COPYDATA_Example", "WM_COPYDATA_Example\WM_COPYDATA_Example.vcxproj", "{EA7E8066-8B15-4169-B9F8-C65B31354B19}"
EndProject
Project("{8BC9CEB8-8B4A-11D0-8D11-00A0C91BC942}") = "WM_COPYDATA_Receiver", "WM_COPYDATA_Receiver\WM_COPYDATA_Receiver.vcxproj", "{DD5CC157-747C-44FF-8DB2-D59992DFB0D7}"
EndProject
Project("{8BC9CEB8-8B4A-11D0-8D11-00A0C91BC942}") = "Semaphore", "Semaphore\Semaphore.vcxproj", "{F627FA1E-5878-4DB7-A626-85DAA8F3F8C5}"
EndProject
Global
	GlobalSection(SolutionConfigurationPlatforms) = preSolution
		Debug|Win32 = Debug|Win32
		Debug|x64 = Debug|x64
		Release|Win32 = Release|Win32
		Release|x64 = Release|x64
	EndGlobalSection
	GlobalSection(ProjectConfigurationPlatforms) = postSolution
		{914941F8-3E0E-4419-AC63-CCBD099D0411}.Debug|Win32.ActiveCfg = Debug|Win32
		{914941F8-3E0E-4419-AC63-CCBD099D0411}.Debug|Win32.Build.0 = Debug|Win32
		{914941F8-3E0E-4419-AC63-CCBD099D0411}.Debug|x64.ActiveCfg = Debug|Win32
		{914941F8-3E0E-4419-AC63-CCBD099D0411}.Release|Win32.ActiveCfg = Release|Win32
		{914941F8-3E0E-4419-AC63-CCBD099D0411}.Release|Win32.Build.0 = Release|Win32
		{914941F8-3E0E-4419-AC63-CCBD099D0411}.Release|x64.ActiveCfg = Release|Win32
		{449B9D1B-DF69-4AD9-8EC6-0D4034F52179}.Debug|Win32.ActiveCfg = Debug|Win32
		{449B9D1B-DF69-4AD9-8EC6-0D4034F52179}.Debug|Win32.Build.0 = Debug|Win32
		{449B9D1B-DF69-4AD9-8EC6-0D4034F52179}.Debug|x64.ActiveCfg = Debug|Win32
		{449B9D1B-DF69-4AD9-8EC6-0D4034F52179}.Release|Win32.ActiveCfg = Release|Win32
		{449B9D1B-DF69-4AD9-8EC6-0D4034F52179}.Release|Win32.Build.0 = Release|Win32
		{449B9D1B-DF69-4AD9-8EC6-0D4034F52179}.Release|x64.ActiveCfg = Release|Win32
		{C18E97CA-26BE-4F1E-AD35-8E9C05F9069C}.Debug|Win32.ActiveCfg = Debug|Win32
		{C18E97CA-26BE-4F1E-AD35-8E9C05F9069C}.Debug|Win32.Build.0 = Debug|Win32
		{C18E97CA-26BE-4F1E-AD35-8E9C05F9069C}.Debug|x64.ActiveCfg = Debug|Win32
		{C18E97CA-26BE-4F1E-AD35-8E9C05F9069C}.Release|Win32.ActiveCfg = Release|Win32
		{C18E97CA-26BE-4F1E-AD35-8E9C05F9069C}.Release|Win32.Build.0 = Release|Win32
		{C18E97CA-26BE-4F1E-AD35-8E9C05F9069C}.Release|x64.ActiveCfg = Release|Win32
		{4B635CF6-4EED-4706-8290-9D821EEA1830}.Debug|Win32.ActiveCfg = Debug|Win32
		{4B635CF6-4EED-4706-8290-9D821EEA1830}.Debug|Win32.Build.0 = Debug|Win32
		{4B635CF6-4EED-4706-8290-9D821EEA1830}.Debug|x64.ActiveCfg = Debug|Win32
		{4B635CF6-4EED-4706-8290-9D821EEA1830}.Release|Win32.ActiveCfg = Release|Win32
		{4B635CF6-4EED-4706-8290-9D821EEA1830}.Release|Win32.Build.0 = Release|Win32
		{4B635CF6-4EED-4706-8290-9D821EEA1830}.Release|x64.ActiveCfg = Release|Win32
		{EA7E8066-8B15-4169-B9F8-C65B31354B19}.Debug|Win32.ActiveCfg = Debug|Win32
		{EA7E8066-8B15-4169-B9F8-C65B31354B19}.Debug|Win32.Build.0 = Debug|Win32
		{EA7E8066-8B15-4169-B9F8-C65B31354B19}.Debug|x64.ActiveCfg = Debug|x64
		{EA7E8066-8B15-4169-B9F8-C65B31354B19}.Debug|x64.Build.0 = Debug|x64
		{EA7E8066-8B15-4169-B9F8-C65B31354B19}.Release|Win32.ActiveCfg = Release|Win32
		{EA7E8066-8B15-4169-B9F8-C65B31354B19}.Release|Win32.Build.0 = Release|Win32
		{EA7E8066-8B15-4169-B9F8-C65B31354B19}.Release|x64.ActiveCfg = Release|x64
		{EA7E8066-8B15-4169-B9F8-C65B31354B19}.Release|x64.Build.0 = Release|x64
		{DD5CC157-747C-44FF-8DB2-D59992DFB0D7}.Debug|Win32.ActiveCfg = Debug|Win32
		{DD5CC157-747C-44FF-8DB2-D59992DFB0D7}.Debug|Win32.Build.0 = Debug|Win32
		{DD5CC157-747C-44FF-8DB2-D59992DFB0D7}.Debug|x64.ActiveCfg = Debug|x64
		{DD5CC157-747C-44FF-8DB2-D59992DFB0D7}.Debug|x64.Build.0 = Debug|x64
		{DD5CC157-747C-44FF-8DB2-D59992DFB0D7}.Release|Win32.ActiveCfg = Release|Win32
		{DD5CC157-747C-44FF-8DB2-D59992DFB0D7}.Release|Win32.Build.0 = Release|Win32
		{DD5CC157-747C-44FF-8DB2-D59992DFB0D7}.Release|x64.ActiveCfg = Release|x64
		{DD5CC157-747C-44FF-8DB2-D59992DFB0D7}.Release|x64.Build.0 = Release|x64
		{F627FA1E-5878-4DB7-A626-85DAA8F3F8C5}.Debug|Win32.ActiveCfg = Debug|Win32
		{F627FA1E-5878-4DB7-A626-85DAA8F3F8C5}.Debug|Win32.Build.0 = Debug|Win32
		{F627FA1E-5878-4DB7-A626-85DAA8F3F8C5}.Debug|x64.ActiveCfg = Debug|x64
		{F627FA1E-5878-4DB7-A626-85DAA8F3F8C5}.Debug|x64.Build.0 = Debug|x64
		{F627FA1E-5878-4DB7-A626-85DAA8F3F8C5}.Release|Win32.ActiveCfg = Release|Win32
		{F627FA1E-5878-4DB7-A626-85DAA8F3F8C5}.Release|Win32.Build.0 = Release|Win32
		{F627FA1E-5878-4DB7-A626-85DAA8F3F8C5}.Release|x64.ActiveCfg = Release|x64
		{F627FA1E-5878-4DB7-A626-85DAA8F3F8C5}.Release|x64.Build.0 = Release|x64
	EndGlobalSection
	GlobalSection(SolutionProperties) = preSolution
		HideSolutionNode = FALSE
	EndGlobalSection
EndGlobal
